
Microsoft Visual Studio Solution File, Format Version 12.00
# Visual Studio Version 17
VisualStudioVersion = 17.4.33213.308
MinimumVisualStudioVersion = 10.0.40219.1
Project("{FAE04EC0-301F-11D3-BF4B-00C04F79EFBC}") = "CW9Threading", "CW9Threading\CW9Threading.csproj", "{3337155E-6461-4540-80AB-DF285FCE5912}"
EndProject
Global
	GlobalSection(SolutionConfigurationPlatforms) = preSolution
		Debug|Any CPU = Debug|Any CPU
		Release|Any CPU = Release|Any CPU
	EndGlobalSection
	GlobalSection(ProjectConfigurationPlatforms) = postSolution
		{3337155E-6461-4540-80AB-DF285FCE5912}.Debug|Any CPU.ActiveCfg = Debug|Any CPU
		{3337155E-6461-4540-80AB-DF285FCE5912}.Debug|Any CPU.Build.0 = Debug|Any CPU
		{3337155E-6461-4540-80AB-DF285FCE5912}.Release|Any CPU.ActiveCfg = Release|Any CPU
		{3337155E-6461-4540-80AB-DF285FCE5912}.Release|Any CPU.Build.0 = Release|Any CPU
	EndGlobalSection
	GlobalSection(SolutionProperties) = preSolution
		HideSolutionNode = FALSE
	EndGlobalSection
	GlobalSection(ExtensibilityGlobals) = postSolution
		SolutionGuid = {326360CA-E621-40AF-A122-AE68393697C1}
	EndGlobalSection
EndGlobal
